schema: '2.0'
stages:
  get_data:
    cmd: python get_data.py
    deps:
    - path: get_data.py
      md5: 3201c66acd6903097421e37d4310fc59
      size: 859
    outs:
    - path: ./data
      md5: d0d1cb80e59556b243a11ef45918234c.dir
      size: 141270719
      nfiles: 10
  train:
    cmd: python main.py
    deps:
    - path: data
      md5: d0d1cb80e59556b243a11ef45918234c.dir
      size: 141270719
      nfiles: 10
    - path: main.py
      md5: 665e874d8af05cdcadb1a560e2327cbd
      size: 2479
    outs:
    - path: ./artifacts/log.txt
      md5: bdb9c7cb69d350296287852d78bdc985
      size: 228
    - path: ./artifacts/plot.png
      md5: ecd1f062217a4069e2f1bd38020b0a54
      size: 27968
